
Microsoft Visual Studio Solution File, Format Version 11.00
# Visual Studio 2010
Project("{FAE04EC0-301F-11D3-BF4B-00C04F79EFBC}") = "Register", "Register\Register.csproj", "{758D7D52-896E-4AF8-A50E-10900B98D721}"
EndProject
Global
	GlobalSection(SolutionConfigurationPlatforms) = preSolution
		Debug|Any CPU = Debug|Any CPU
		Release|Any CPU = Release|Any CPU
	EndGlobalSection
	GlobalSection(ProjectConfigurationPlatforms) = postSolution
		{758D7D52-896E-4AF8-A50E-10900B98D721}.Debug|Any CPU.ActiveCfg = Debug|Any CPU
		{758D7D52-896E-4AF8-A50E-10900B98D721}.Debug|Any CPU.Build.0 = Debug|Any CPU
		{758D7D52-896E-4AF8-A50E-10900B98D721}.Release|Any CPU.ActiveCfg = Release|Any CPU
		{758D7D52-896E-4AF8-A50E-10900B98D721}.Release|Any CPU.Build.0 = Release|Any CPU
	EndGlobalSection
	GlobalSection(SolutionProperties) = preSolution
		HideSolutionNode = FALSE
	EndGlobalSection
EndGlobal
