
Microsoft Visual Studio Solution File, Format Version 10.00
# Visual Studio 2008
Project("{8BC9CEB8-8B4A-11D0-8D11-00A0C91BC942}") = "AB", "AB\AB.vcproj", "{239EDB2F-3B48-4E06-8A32-68644A434E06}"
EndProject
Global
	GlobalSection(SolutionConfigurationPlatforms) = preSolution
		Debug|Win32 = Debug|Win32
		Release|Win32 = Release|Win32
	EndGlobalSection
	GlobalSection(ProjectConfigurationPlatforms) = postSolution
		{239EDB2F-3B48-4E06-8A32-68644A434E06}.Debug|Win32.ActiveCfg = Debug|Win32
		{239EDB2F-3B48-4E06-8A32-68644A434E06}.Debug|Win32.Build.0 = Debug|Win32
		{239EDB2F-3B48-4E06-8A32-68644A434E06}.Release|Win32.ActiveCfg = Release|Win32
		{239EDB2F-3B48-4E06-8A32-68644A434E06}.Release|Win32.Build.0 = Release|Win32
	EndGlobalSection
	GlobalSection(SolutionProperties) = preSolution
		HideSolutionNode = FALSE
	EndGlobalSection
EndGlobal
